Microsoft Visual Studio Solution File, Format Version 11.00
# Visual Studio 2010
Project("{8BC9CEB8-8B4A-11D0-8D11-00A0C91BC942}") = "SerialEM", "SerialEM.vcxproj", "{CBBF997B-2DFB-44FF-A034-C6B2CD803F1F}"
EndProject
Global
	GlobalSection(SolutionConfigurationPlatforms) = preSolution
		Debug|Win32 = Debug|Win32
		Debug|x64 = Debug|x64
		JEOL Debug|Win32 = JEOL Debug|Win32
		JEOL Debug|x64 = JEOL Debug|x64
		JEOL Release|Win32 = JEOL Release|Win32
		JEOL Release|x64 = JEOL Release|x64
		NoHang|Win32 = NoHang|Win32
		NoHang|x64 = NoHang|x64
		Release|Win32 = Release|Win32
		Release|x64 = Release|x64
	EndGlobalSection
	GlobalSection(ProjectConfigurationPlatforms) = postSolution
		{CBBF997B-2DFB-44FF-A034-C6B2CD803F1F}.Debug|Win32.ActiveCfg = Debug|Win32
		{CBBF997B-2DFB-44FF-A034-C6B2CD803F1F}.Debug|Win32.Build.0 = Debug|Win32
		{CBBF997B-2DFB-44FF-A034-C6B2CD803F1F}.Debug|x64.ActiveCfg = Debug|x64
		{CBBF997B-2DFB-44FF-A034-C6B2CD803F1F}.Debug|x64.Build.0 = Debug|x64
		{CBBF997B-2DFB-44FF-A034-C6B2CD803F1F}.JEOL Debug|Win32.ActiveCfg = JEOL Debug|Win32
		{CBBF997B-2DFB-44FF-A034-C6B2CD803F1F}.JEOL Debug|Win32.Build.0 = JEOL Debug|Win32
		{CBBF997B-2DFB-44FF-A034-C6B2CD803F1F}.JEOL Debug|x64.ActiveCfg = JEOL Debug|x64
		{CBBF997B-2DFB-44FF-A034-C6B2CD803F1F}.JEOL Debug|x64.Build.0 = JEOL Debug|x64
		{CBBF997B-2DFB-44FF-A034-C6B2CD803F1F}.JEOL Release|Win32.ActiveCfg = JEOL Release|Win32
		{CBBF997B-2DFB-44FF-A034-C6B2CD803F1F}.JEOL Release|Win32.Build.0 = JEOL Release|Win32
		{CBBF997B-2DFB-44FF-A034-C6B2CD803F1F}.JEOL Release|x64.ActiveCfg = JEOL Release|x64
		{CBBF997B-2DFB-44FF-A034-C6B2CD803F1F}.JEOL Release|x64.Build.0 = JEOL Release|x64
		{CBBF997B-2DFB-44FF-A034-C6B2CD803F1F}.NoHang|Win32.ActiveCfg = NoHang|Win32
		{CBBF997B-2DFB-44FF-A034-C6B2CD803F1F}.NoHang|Win32.Build.0 = NoHang|Win32
		{CBBF997B-2DFB-44FF-A034-C6B2CD803F1F}.NoHang|x64.ActiveCfg = NoHang|x64
		{CBBF997B-2DFB-44FF-A034-C6B2CD803F1F}.NoHang|x64.Build.0 = NoHang|x64
		{CBBF997B-2DFB-44FF-A034-C6B2CD803F1F}.Release|Win32.ActiveCfg = Release|Win32
		{CBBF997B-2DFB-44FF-A034-C6B2CD803F1F}.Release|Win32.Build.0 = Release|Win32
		{CBBF997B-2DFB-44FF-A034-C6B2CD803F1F}.Release|x64.ActiveCfg = Release|x64
		{CBBF997B-2DFB-44FF-A034-C6B2CD803F1F}.Release|x64.Build.0 = Release|x64
	EndGlobalSection
	GlobalSection(SolutionProperties) = preSolution
		HideSolutionNode = FALSE
	EndGlobalSection
EndGlobal
