<?xml version="1.0" encoding="utf-8"?>
<Project ToolsVersion="4.0" xmlns="http://schemas.microsoft.com/developer/msbuild/2003">
  <ItemGroup>
    <Filter Include="Header Files">
      <UniqueIdentifier>{6b1a78e1-1421-497f-a237-4351a687c8f2}</UniqueIdentifier>
      <Extensions>h;hpp;hxx;hm;inl</Extensions>
    </Filter>
    <Filter Include="Resource Files">
      <UniqueIdentifier>{a37973f3-d041-4c16-a601-6b384b59d7ab}</UniqueIdentifier>
      <Extensions>ico;cur;bmp;dlg;rc2;rct;bin;rgs;gif;jpg;jpeg;jpe</Extensions>
    </Filter>
    <Filter Include="HTML Help Files">
      <UniqueIdentifier>{35b50e56-db6a-4ed2-b0e2-d652f1d1cd5c}</UniqueIdentifier>
      <Extensions>hhp;hhc;hhk;gif;jpg</Extensions>
    </Filter>
    <Filter Include="HTML Help Topics">
      <UniqueIdentifier>{02fa5804-8ac5-4c7c-93a6-c03852da3351}</UniqueIdentifier>
      <Extensions>htm;html</Extensions>
    </Filter>
    <Filter Include="CSource Files">
      <UniqueIdentifier>{5e9d1a9c-067f-4fd1-b6b7-6be221d28e93}</UniqueIdentifier>
      <Extensions>cpp;c;cxx;rc;def;r;odl;idl;hpj;bat</Extensions>
    </Filter>
  </ItemGroup>
  <ItemGroup>
    <ClInclude Include="AlignFocusWindow.h">
      <Filter>Header Files</Filter>
    </ClInclude>
    <ClInclude Include="Utilities\AskOneDlg.h">
      <Filter>Header Files</Filter>
    </ClInclude>
    <ClInclude Include="AutocenSetupDlg.h">
      <Filter>Header Files</Filter>
    </ClInclude>
    <ClInclude Include="Shared\b3dutil.h">
      <Filter>Header Files</Filter>
    </ClInclude>
    <ClInclude Include="BaseDlg.h">
      <Filter>Header Files</Filter>
    </ClInclude>
    <ClInclude Include="BaseSocket.h">
      <Filter>Header Files</Filter>
    </ClInclude>
    <ClInclude Include="BeamAssessor.h">
      <Filter>Header Files</Filter>
    </ClInclude>
    <ClInclude Include="CalibCameraTiming.h">
      <Filter>Header Files</Filter>
    </ClInclude>
    <ClInclude Include="CameraController.h">
      <Filter>Header Files</Filter>
    </ClInclude>
    <ClInclude Include="CameraMacroTools.h">
      <Filter>Header Files</Filter>
    </ClInclude>
    <ClInclude Include="CameraSetupDlg.h">
      <Filter>Header Files</Filter>
    </ClInclude>
    <ClInclude Include="Shared\cfsemshare.h">
      <Filter>Header Files</Filter>
    </ClInclude>
    <ClInclude Include="ChildFrm.h">
      <Filter>Header Files</Filter>
    </ClInclude>
    <ClInclude Include="ComplexTasks.h">
      <Filter>Header Files</Filter>
    </ClInclude>
    <ClInclude Include="ControlSet.h">
      <Filter>Header Files</Filter>
    </ClInclude>
    <ClInclude Include="CookerSetupDlg.h">
      <Filter>Header Files</Filter>
    </ClInclude>
    <ClInclude Include="Shared\CorrectDefects.h">
      <Filter>Header Files</Filter>
    </ClInclude>
    <ClInclude Include="DirectElectron\DirectElectronCamera.h">
      <Filter>Header Files</Filter>
    </ClInclude>
    <ClInclude Include="DirectElectron\DirectElectronToolDlg.h">
      <Filter>Header Files</Filter>
    </ClInclude>
    <ClInclude Include="DistortionTasks.h">
      <Filter>Header Files</Filter>
    </ClInclude>
    <ClInclude Include="DoseMeter.h">
      <Filter>Header Files</Filter>
    </ClInclude>
    <ClInclude Include="DummyDlg.h">
      <Filter>Header Files</Filter>
    </ClInclude>
    <ClInclude Include="EMbufferManager.h">
      <Filter>Header Files</Filter>
    </ClInclude>
    <ClInclude Include="EMbufferWindow.h">
      <Filter>Header Files</Filter>
    </ClInclude>
    <ClInclude Include="EMimageBuffer.h">
      <Filter>Header Files</Filter>
    </ClInclude>
    <ClInclude Include="EMimageExtra.h">
      <Filter>Header Files</Filter>
    </ClInclude>
    <ClInclude Include="EMmontageController.h">
      <Filter>Header Files</Filter>
    </ClInclude>
    <ClInclude Include="EMscope.h">
      <Filter>Header Files</Filter>
    </ClInclude>
    <ClInclude Include="EMstatusWindow.h">
      <Filter>Header Files</Filter>
    </ClInclude>
    <ClInclude Include="FalconFrameDlg.h">
      <Filter>Header Files</Filter>
    </ClInclude>
    <ClInclude Include="FalconHelper.h">
      <Filter>Header Files</Filter>
    </ClInclude>
    <ClInclude Include="FileOptions.h">
      <Filter>Header Files</Filter>
    </ClInclude>
    <ClInclude Include="FilePropDlg.h">
      <Filter>Header Files</Filter>
    </ClInclude>
    <ClInclude Include="FilterControlDlg.h">
      <Filter>Header Files</Filter>
    </ClInclude>
    <ClInclude Include="FilterTasks.h">
      <Filter>Header Files</Filter>
    </ClInclude>
    <ClInclude Include="FocusManager.h">
      <Filter>Header Files</Filter>
    </ClInclude>
    <ClInclude Include="GainRefDlg.h">
      <Filter>Header Files</Filter>
    </ClInclude>
    <ClInclude Include="GainRefMaker.h">
      <Filter>Header Files</Filter>
    </ClInclude>
    <ClInclude Include="GatanSocket.h">
      <Filter>Header Files</Filter>
    </ClInclude>
    <ClInclude Include="Shared\hvemtypes.h">
      <Filter>Header Files</Filter>
    </ClInclude>
    <ClInclude Include="Shared\iimage.h">
      <Filter>Header Files</Filter>
    </ClInclude>
    <ClInclude Include="ImageLevelDlg.h">
      <Filter>Header Files</Filter>
    </ClInclude>
    <ClInclude Include="Shared\imodconfig.h">
      <Filter>Header Files</Filter>
    </ClInclude>
    <ClInclude Include="K2SaveOptionDlg.h">
      <Filter>Header Files</Filter>
    </ClInclude>
    <ClInclude Include="Utilities\KGetOne.h">
      <Filter>Header Files</Filter>
    </ClInclude>
    <ClInclude Include="Image\KImage.h">
      <Filter>Header Files</Filter>
    </ClInclude>
    <ClInclude Include="Image\KImageBase.h">
      <Filter>Header Files</Filter>
    </ClInclude>
    <ClInclude Include="Image\KImageScale.h">
      <Filter>Header Files</Filter>
    </ClInclude>
    <ClInclude Include="Image\KImageStore.h">
      <Filter>Header Files</Filter>
    </ClInclude>
    <ClInclude Include="Image\KPixMap.h">
      <Filter>Header Files</Filter>
    </ClInclude>
    <ClInclude Include="Image\KStoreADOC.h">
      <Filter>Header Files</Filter>
    </ClInclude>
    <ClInclude Include="Image\KStoreIMOD.h">
      <Filter>Header Files</Filter>
    </ClInclude>
    <ClInclude Include="Image\KStoreMRC.h">
      <Filter>Header Files</Filter>
    </ClInclude>
    <ClInclude Include="LogWindow.h">
      <Filter>Header Files</Filter>
    </ClInclude>
    <ClInclude Include="LowDoseDlg.h">
      <Filter>Header Files</Filter>
    </ClInclude>
    <ClInclude Include="MacroControl.h">
      <Filter>Header Files</Filter>
    </ClInclude>
    <ClInclude Include="MacroControlDlg.h">
      <Filter>Header Files</Filter>
    </ClInclude>
    <ClInclude Include="MacroEditer.h">
      <Filter>Header Files</Filter>
    </ClInclude>
    <ClInclude Include="MacroProcessor.h">
      <Filter>Header Files</Filter>
    </ClInclude>
    <ClInclude Include="MacroToolbar.h">
      <Filter>Header Files</Filter>
    </ClInclude>
    <ClInclude Include="MagTable.h">
      <Filter>Header Files</Filter>
    </ClInclude>
    <ClInclude Include="Mailer.h">
      <Filter>Header Files</Filter>
    </ClInclude>
    <ClInclude Include="MainFrm.h">
      <Filter>Header Files</Filter>
    </ClInclude>
    <ClInclude Include="MapDrawItem.h">
      <Filter>Header Files</Filter>
    </ClInclude>
    <ClInclude Include="MenuTargets.h">
      <Filter>Header Files</Filter>
    </ClInclude>
    <ClInclude Include="MontageParam.h">
      <Filter>Header Files</Filter>
    </ClInclude>
    <ClInclude Include="MontageSetupDlg.h">
      <Filter>Header Files</Filter>
    </ClInclude>
    <ClInclude Include="MontageWindow.h">
      <Filter>Header Files</Filter>
    </ClInclude>
    <ClInclude Include="Shared\mrcfiles.h">
      <Filter>Header Files</Filter>
    </ClInclude>
    <ClInclude Include="Shared\mrcslice.h">
      <Filter>Header Files</Filter>
    </ClInclude>
    <ClInclude Include="MultiTSTasks.h">
      <Filter>Header Files</Filter>
    </ClInclude>
    <ClInclude Include="NavAcquireDlg.h">
      <Filter>Header Files</Filter>
    </ClInclude>
    <ClInclude Include="NavBacklashDlg.h">
      <Filter>Header Files</Filter>
    </ClInclude>
    <ClInclude Include="NavFileTypeDlg.h">
      <Filter>Header Files</Filter>
    </ClInclude>
    <ClInclude Include="NavHelper.h">
      <Filter>Header Files</Filter>
    </ClInclude>
    <ClInclude Include="NavigatorDlg.h">
      <Filter>Header Files</Filter>
    </ClInclude>
    <ClInclude Include="NavImportDlg.h">
      <Filter>Header Files</Filter>
    </ClInclude>
    <ClInclude Include="NavRotAlignDlg.h">
      <Filter>Header Files</Filter>
    </ClInclude>
    <ClInclude Include="ParameterIO.h">
      <Filter>Header Files</Filter>
    </ClInclude>
    <ClInclude Include="PiezoAndPPControl.h">
      <Filter>Header Files</Filter>
    </ClInclude>
    <ClInclude Include="PluginManager.h">
      <Filter>Header Files</Filter>
    </ClInclude>
    <ClInclude Include="ProcessImage.h">
      <Filter>Header Files</Filter>
    </ClInclude>
    <ClInclude Include="ReadFileDlg.h">
      <Filter>Header Files</Filter>
    </ClInclude>
    <ClInclude Include="RefPolicyDlg.h">
      <Filter>Header Files</Filter>
    </ClInclude>
    <ClInclude Include="ScopeStatusDlg.h">
      <Filter>Header Files</Filter>
    </ClInclude>
    <ClInclude Include="ScreenMeter.h">
      <Filter>Header Files</Filter>
    </ClInclude>
    <ClInclude Include="Utilities\SEMUtilities.h">
      <Filter>Header Files</Filter>
    </ClInclude>
    <ClInclude Include="SerialEM.h">
      <Filter>Header Files</Filter>
    </ClInclude>
    <ClInclude Include="SerialEMDoc.h">
      <Filter>Header Files</Filter>
    </ClInclude>
    <ClInclude Include="SerialEMView.h">
      <Filter>Header Files</Filter>
    </ClInclude>
    <ClInclude Include="setdpi.h">
      <Filter>Header Files</Filter>
    </ClInclude>
    <ClInclude Include="ShiftCalibrator.h">
      <Filter>Header Files</Filter>
    </ClInclude>
    <ClInclude Include="ShiftManager.h">
      <Filter>Header Files</Filter>
    </ClInclude>
    <ClInclude Include="Utilities\SMOOTHER.H">
      <Filter>Header Files</Filter>
    </ClInclude>
    <ClInclude Include="StageMoveTool.h">
      <Filter>Header Files</Filter>
    </ClInclude>
    <ClInclude Include="StandardScopeCalls.h">
      <Filter>Header Files</Filter>
    </ClInclude>
    <ClInclude Include="StateDlg.h">
      <Filter>Header Files</Filter>
    </ClInclude>
    <ClInclude Include="StdAfx.h">
      <Filter>Header Files</Filter>
    </ClInclude>
    <ClInclude Include="STEMcontrolDlg.h">
      <Filter>Header Files</Filter>
    </ClInclude>
    <ClInclude Include="Utilities\STEMfocus.h">
      <Filter>Header Files</Filter>
    </ClInclude>
    <ClInclude Include="TiltSeriesParam.h">
      <Filter>Header Files</Filter>
    </ClInclude>
    <ClInclude Include="TiltWindow.h">
      <Filter>Header Files</Filter>
    </ClInclude>
    <ClInclude Include="ToolDlg.h">
      <Filter>Header Files</Filter>
    </ClInclude>
    <ClInclude Include="TSBackupDlg.h">
      <Filter>Header Files</Filter>
    </ClInclude>
    <ClInclude Include="TSController.h">
      <Filter>Header Files</Filter>
    </ClInclude>
    <ClInclude Include="TSExtraFile.h">
      <Filter>Header Files</Filter>
    </ClInclude>
    <ClInclude Include="TSPolicyDlg.h">
      <Filter>Header Files</Filter>
    </ClInclude>
    <ClInclude Include="TSRangeDlg.h">
      <Filter>Header Files</Filter>
    </ClInclude>
    <ClInclude Include="TSResumeDlg.h">
      <Filter>Header Files</Filter>
    </ClInclude>
    <ClInclude Include="TSSetupDialog.h">
      <Filter>Header Files</Filter>
    </ClInclude>
    <ClInclude Include="TSVariationsDlg.h">
      <Filter>Header Files</Filter>
    </ClInclude>
    <ClInclude Include="TSViewRange.h">
      <Filter>Header Files</Filter>
    </ClInclude>
    <ClInclude Include="Utilities\XCorr.h">
      <Filter>Header Files</Filter>
    </ClInclude>
    <ClInclude Include="XFolderDialog\XFileOpenListView.h">
      <Filter>Header Files</Filter>
    </ClInclude>
    <ClInclude Include="XFolderDialog\XFolderDialog.h">
      <Filter>Header Files</Filter>
    </ClInclude>
    <ClInclude Include="XFolderDialog\XFolderDialogRes.h">
      <Filter>Header Files</Filter>
    </ClInclude>
    <ClInclude Include="XFolderDialog\XHistoryCombo.h">
      <Filter>Header Files</Filter>
    </ClInclude>
    <ClInclude Include="XFolderDialog\XWinVer.h">
      <Filter>Header Files</Filter>
    </ClInclude>
    <ClInclude Include="hlp\aliases.h">
      <Filter>HTML Help Files</Filter>
    </ClInclude>
    <ClInclude Include="AutoTuning.h">
      <Filter>Header Files</Filter>
    </ClInclude>
    <ClInclude Include="Shared\SEMCCDDefines.h">
      <Filter>Header Files</Filter>
    </ClInclude>
    <ClInclude Include="FrameAlignDlg.h">
      <Filter>Header Files</Filter>
    </ClInclude>
    <ClInclude Include="Shared\SharedJeolDefines.h">
      <Filter>Header Files</Filter>
    </ClInclude>
    <ClInclude Include="NavAdocPuts.h">
      <Filter>Header Files</Filter>
    </ClInclude>
    <ClInclude Include="RemoteControl.h">
      <Filter>Header Files</Filter>
    </ClInclude>
    <ClInclude Include="ThreeChoiceBox.h">
      <Filter>Header Files</Filter>
    </ClInclude>
    <ClInclude Include="PropertyTests.h">
      <Filter>Header Files</Filter>
    </ClInclude>
    <ClInclude Include="SettingsTests.h">
      <Filter>Header Files</Filter>
    </ClInclude>
    <ClInclude Include="ParticleTasks.h">
      <Filter>Header Files</Filter>
    </ClInclude>
    <ClInclude Include="MultiShotDlg.h">
      <Filter>Header Files</Filter>
    </ClInclude>
    <ClInclude Include="DERefMakerDlg.h">
      <Filter>Header Files</Filter>
    </ClInclude>
    <ClInclude Include="OneLineScript.h">
      <Filter>Header Files</Filter>
    </ClInclude>
    <ClInclude Include="Shared\ctffind.h">
      <Filter>Header Files</Filter>
    </ClInclude>
    <ClInclude Include="ExternalTools.h">
      <Filter>Header Files</Filter>
    </ClInclude>
    <ClInclude Include="Shared\framealign.h">
      <Filter>Header Files</Filter>
    </ClInclude>
    <ClInclude Include="Shared\gpuframe.h">
      <Filter>Header Files</Filter>
    </ClInclude>
    <ClInclude Include="CtffindParamDlg.h">
      <Filter>Header Files</Filter>
    </ClInclude>
    <ClInclude Include="TSDoseSymDlg.h">
      <Filter>Header Files</Filter>
    </ClInclude>
    <ClInclude Include="DriftWaitSetupDlg.h">
      <Filter>Header Files</Filter>
    </ClInclude>
    <ClInclude Include="ScreenShotDialog.h">
      <Filter>Header Files</Filter>
    </ClInclude>
    <ClInclude Include="VPPConditionSetup.h">
      <Filter>Header Files</Filter>
    </ClInclude>
    <ClInclude Include="Shared\holefinder.h">
      <Filter>Header Files</Filter>
    </ClInclude>
    <ClInclude Include="HoleFinderDlg.h">
      <Filter>Header Files</Filter>
    </ClInclude>
    <ClInclude Include="MultiHoleCombiner.h">
      <Filter>Header Files</Filter>
    </ClInclude>
    <ClInclude Include="MultiCombinerDlg.h">
      <Filter>Header Files</Filter>
    </ClInclude>
    <ClInclude Include="Image\MdocDefines.h">
      <Filter>Header Files</Filter>
    </ClInclude>
    <ClInclude Include="MacroCommands.h">
      <Filter>Header Files</Filter>
    </ClInclude>
    <ClInclude Include="DisableHideTable.h">
      <Filter>Header Files</Filter>
    </ClInclude>
    <ClInclude Include="MacroSelector.h">
      <Filter>Header Files</Filter>
    </ClInclude>
    <ClInclude Include="MyButton.h">
      <Filter>Header Files</Filter>
    </ClInclude>
    <ClInclude Include="MacroMasterList.h">
      <Filter>Header Files</Filter>
    </ClInclude>
    <ClInclude Include="DefineScriptMacros.h">
      <Filter>Header Files</Filter>
    </ClInclude>
    <ClInclude Include="BaseServer.h">
      <Filter>Header Files</Filter>
    </ClInclude>
    <ClInclude Include="PythonServer.h">
      <Filter>Header Files</Filter>
    </ClInclude>
    <ClInclude Include="NavAdocParams.h">
      <Filter>Header Files</Filter>
    </ClInclude>
    <ClInclude Include="ShiftToMarkerDlg.h">
      <Filter>Header Files</Filter>
    </ClInclude>
    <ClInclude Include="ZbyGSetupDlg.h">
      <Filter>Header Files</Filter>
    </ClInclude>
    <ClInclude Include="RadioChoiceDlg.h">
      <Filter>Header Files</Filter>
    </ClInclude>
    <ClInclude Include="NavRealignDlg.h">
      <Filter>Header Files</Filter>
    </ClInclude>
    <ClInclude Include="ManageDewarsDlg.h">
      <Filter>Header Files</Filter>
    </ClInclude>
    <ClInclude Include="Shared\ctfutils.h">
      <Filter>Header Files</Filter>
    </ClInclude>
    <ClInclude Include="NavAcqHoleFinder.h">
      <Filter>Header Files</Filter>
    </ClInclude>
    <ClInclude Include="Shared\icont.h">
      <Filter>Header Files</Filter>
    </ClInclude>
    <ClInclude Include="Shared\imodel.h">
      <Filter>Header Files</Filter>
    </ClInclude>
    <ClInclude Include="Shared\iobj.h">
      <Filter>Header Files</Filter>
    </ClInclude>
    <ClInclude Include="ComaVsISCalDlg.h">
      <Filter>Header Files</Filter>
    </ClInclude>
    <ClInclude Include="AutoContouringDlg.h">
      <Filter>Header Files</Filter>
    </ClInclude>
    <ClInclude Include="StepAdjustISDlg.h">
      <Filter>Header Files</Filter>
    </ClInclude>
    <ClInclude Include="CEOSFilter.h">
      <Filter>Header Files</Filter>
    </ClInclude>
    <ClInclude Include="Utilities\json.h">
      <Filter>Header Files</Filter>
    </ClInclude>
    <ClInclude Include="MultiGridDlg.h">
      <Filter>Header Files</Filter>
    </ClInclude>
    <ClInclude Include="MultiGridTasks.h">
      <Filter>Header Files</Filter>
    </ClInclude>
  </ItemGroup>
  <ItemGroup>
    <None Include="res\bitmap1.bmp">
      <Filter>Resource Files</Filter>
    </None>
    <None Include="res\cursor1.cur">
      <Filter>Resource Files</Filter>
    </None>
    <None Include="res\cursor2.cur">
      <Filter>Resource Files</Filter>
    </None>
    <None Include="res\SerialEM.ico">
      <Filter>Resource Files</Filter>
    </None>
    <None Include="res\SerialEM.rc2">
      <Filter>Resource Files</Filter>
    </None>
    <None Include="res\SerialEMDoc.ico">
      <Filter>Resource Files</Filter>
    </None>
    <None Include="res\Toolbar.bmp">
      <Filter>Resource Files</Filter>
    </None>
    <None Include="hlp\SerialEM.hhc">
      <Filter>HTML Help Files</Filter>
    </None>
    <None Include="hlp\SerialEM.hhk">
      <Filter>HTML Help Files</Filter>
    </None>
    <None Include="hlp\html\about_autofocus.htm">
      <Filter>HTML Help Topics</Filter>
    </None>
    <None Include="hlp\html\about_camera.htm">
      <Filter>HTML Help Topics</Filter>
    </None>
    <None Include="hlp\html\about_formats.htm">
      <Filter>HTML Help Topics</Filter>
    </None>
    <None Include="hlp\html\about_gif.htm">
      <Filter>HTML Help Topics</Filter>
    </None>
    <None Include="hlp\html\about_low_dose.htm">
      <Filter>HTML Help Topics</Filter>
    </None>
    <None Include="hlp\html\about_montaging.htm">
      <Filter>HTML Help Topics</Filter>
    </None>
    <None Include="hlp\html\about_mouse.htm">
      <Filter>HTML Help Topics</Filter>
    </None>
    <None Include="hlp\html\about_multiple_series.htm">
      <Filter>HTML Help Topics</Filter>
    </None>
    <None Include="hlp\html\about_navigator.htm">
      <Filter>HTML Help Topics</Filter>
    </None>
    <None Include="hlp\html\about_panels.htm">
      <Filter>HTML Help Topics</Filter>
    </None>
    <None Include="hlp\html\about_properties.htm">
      <Filter>HTML Help Topics</Filter>
    </None>
    <None Include="hlp\html\about_serialem.htm">
      <Filter>HTML Help Topics</Filter>
    </None>
    <None Include="hlp\html\about_stem.htm">
      <Filter>HTML Help Topics</Filter>
    </None>
    <None Include="hlp\html\about_tilt_series.htm">
      <Filter>HTML Help Topics</Filter>
    </None>
    <None Include="hlp\html\afx_hidd_fileopen.htm">
      <Filter>HTML Help Topics</Filter>
    </None>
    <None Include="hlp\html\afx_hidd_filesave.htm">
      <Filter>HTML Help Topics</Filter>
    </None>
    <None Include="hlp\html\afx_hidw_status_bar.htm">
      <Filter>HTML Help Topics</Filter>
    </None>
    <None Include="hlp\html\hid_ht_caption.htm">
      <Filter>HTML Help Topics</Filter>
    </None>
    <None Include="hlp\html\hid_ht_nowhere.htm">
      <Filter>HTML Help Topics</Filter>
    </None>
    <None Include="hlp\html\hid_sc_close.htm">
      <Filter>HTML Help Topics</Filter>
    </None>
    <None Include="hlp\html\hid_sc_maximize.htm">
      <Filter>HTML Help Topics</Filter>
    </None>
    <None Include="hlp\html\hid_sc_minimize.htm">
      <Filter>HTML Help Topics</Filter>
    </None>
    <None Include="hlp\html\hid_sc_move.htm">
      <Filter>HTML Help Topics</Filter>
    </None>
    <None Include="hlp\html\hid_sc_nextwindow.htm">
      <Filter>HTML Help Topics</Filter>
    </None>
    <None Include="hlp\html\hid_sc_prevwindow.htm">
      <Filter>HTML Help Topics</Filter>
    </None>
    <None Include="hlp\html\hid_sc_restore.htm">
      <Filter>HTML Help Topics</Filter>
    </None>
    <None Include="hlp\html\hid_sc_size.htm">
      <Filter>HTML Help Topics</Filter>
    </None>
    <None Include="hlp\html\hidd_alignfocus.htm">
      <Filter>HTML Help Topics</Filter>
    </None>
    <None Include="hlp\html\hidd_autocensetup.htm">
      <Filter>HTML Help Topics</Filter>
    </None>
    <None Include="hlp\html\hidd_buffercontrol.htm">
      <Filter>HTML Help Topics</Filter>
    </None>
    <None Include="hlp\html\hidd_bufferstatus.htm">
      <Filter>HTML Help Topics</Filter>
    </None>
    <None Include="hlp\html\hidd_camera_macro.htm">
      <Filter>HTML Help Topics</Filter>
    </None>
    <None Include="hlp\html\hidd_camerasetup.htm">
      <Filter>HTML Help Topics</Filter>
    </None>
    <None Include="hlp\html\hidd_cooksetup.htm">
      <Filter>HTML Help Topics</Filter>
    </None>
    <None Include="hlp\html\hidd_detoolpanel.htm">
      <Filter>HTML Help Topics</Filter>
    </None>
    <None Include="hlp\html\hidd_falcon_frames.htm">
      <Filter>HTML Help Topics</Filter>
    </None>
    <None Include="hlp\html\hidd_fileproperties.htm">
      <Filter>HTML Help Topics</Filter>
    </None>
    <None Include="hlp\html\hidd_filtercontrol.htm">
      <Filter>HTML Help Topics</Filter>
    </None>
    <None Include="hlp\html\hidd_gainreference.htm">
      <Filter>HTML Help Topics</Filter>
    </None>
    <None Include="hlp\html\hidd_imagelevel.htm">
      <Filter>HTML Help Topics</Filter>
    </None>
    <None Include="hlp\html\hidd_k2_save_options.htm">
      <Filter>HTML Help Topics</Filter>
    </None>
    <None Include="hlp\html\hidd_lowdose.htm">
      <Filter>HTML Help Topics</Filter>
    </None>
    <None Include="hlp\html\hidd_macro.htm">
      <Filter>HTML Help Topics</Filter>
    </None>
    <None Include="hlp\html\hidd_macrocontrol.htm">
      <Filter>HTML Help Topics</Filter>
    </None>
    <None Include="hlp\html\hidd_montagecontrol.htm">
      <Filter>HTML Help Topics</Filter>
    </None>
    <None Include="hlp\html\hidd_montagesetup.htm">
      <Filter>HTML Help Topics</Filter>
    </None>
    <None Include="hlp\html\hidd_navacquire.htm">
      <Filter>HTML Help Topics</Filter>
    </None>
    <None Include="hlp\html\hidd_navigator.htm">
      <Filter>HTML Help Topics</Filter>
    </None>
    <None Include="hlp\html\hidd_navimport.htm">
      <Filter>HTML Help Topics</Filter>
    </None>
    <None Include="hlp\html\hidd_navrotalign.htm">
      <Filter>HTML Help Topics</Filter>
    </None>
    <None Include="hlp\html\hidd_readfiledlg.htm">
      <Filter>HTML Help Topics</Filter>
    </None>
    <None Include="hlp\html\hidd_refpolicy.htm">
      <Filter>HTML Help Topics</Filter>
    </None>
    <None Include="hlp\html\hidd_scopestatus.htm">
      <Filter>HTML Help Topics</Filter>
    </None>
    <None Include="hlp\html\hidd_stagemovetool.htm">
      <Filter>HTML Help Topics</Filter>
    </None>
    <None Include="hlp\html\hidd_statedlg.htm">
      <Filter>HTML Help Topics</Filter>
    </None>
    <None Include="hlp\html\hidd_stemcontrol.htm">
      <Filter>HTML Help Topics</Filter>
    </None>
    <None Include="hlp\html\hidd_tiltcontrol.htm">
      <Filter>HTML Help Topics</Filter>
    </None>
    <None Include="hlp\html\hidd_tiltseries.htm">
      <Filter>HTML Help Topics</Filter>
    </None>
    <None Include="hlp\html\hidd_tsbackup.htm">
      <Filter>HTML Help Topics</Filter>
    </None>
    <None Include="hlp\html\hidd_tsextrafile.htm">
      <Filter>HTML Help Topics</Filter>
    </None>
    <None Include="hlp\html\hidd_tspolicies.htm">
      <Filter>HTML Help Topics</Filter>
    </None>
    <None Include="hlp\html\hidd_tsrange.htm">
      <Filter>HTML Help Topics</Filter>
    </None>
    <None Include="hlp\html\hidd_tsresume.htm">
      <Filter>HTML Help Topics</Filter>
    </None>
    <None Include="hlp\html\hidd_tssetangle.htm">
      <Filter>HTML Help Topics</Filter>
    </None>
    <None Include="hlp\html\hidd_tsvariations.htm">
      <Filter>HTML Help Topics</Filter>
    </None>
    <None Include="hlp\html\main_index.htm">
      <Filter>HTML Help Topics</Filter>
    </None>
    <None Include="hlp\html\menu_calibration.htm">
      <Filter>HTML Help Topics</Filter>
    </None>
    <None Include="hlp\html\menu_camera.htm">
      <Filter>HTML Help Topics</Filter>
    </None>
    <None Include="hlp\html\menu_file.htm">
      <Filter>HTML Help Topics</Filter>
    </None>
    <None Include="hlp\html\menu_focus.htm">
      <Filter>HTML Help Topics</Filter>
    </None>
    <None Include="hlp\html\menu_help.htm">
      <Filter>HTML Help Topics</Filter>
    </None>
    <None Include="hlp\html\menu_navigator.htm">
      <Filter>HTML Help Topics</Filter>
    </None>
    <None Include="hlp\html\menu_process.htm">
      <Filter>HTML Help Topics</Filter>
    </None>
    <None Include="hlp\html\menu_settings.htm">
      <Filter>HTML Help Topics</Filter>
    </None>
    <None Include="hlp\html\menu_tasks.htm">
      <Filter>HTML Help Topics</Filter>
    </None>
    <None Include="hlp\html\menu_tilt_series.htm">
      <Filter>HTML Help Topics</Filter>
    </None>
    <None Include="hlp\html\menu_window.htm">
      <Filter>HTML Help Topics</Filter>
    </None>
    <None Include="hlp\html\nohelp.htm">
      <Filter>HTML Help Topics</Filter>
    </None>
    <None Include="hlp\html\scrollbars.htm">
      <Filter>HTML Help Topics</Filter>
    </None>
    <None Include="hlp\html\setting_up_serialem.htm">
      <Filter>HTML Help Topics</Filter>
    </None>
    <None Include="camserver.tlh" />
    <None Include="camserver.tli" />
    <None Include="ReadMe.txt" />
    <None Include="hlp\html\hidd_framealign.htm">
      <Filter>HTML Help Topics</Filter>
    </None>
    <None Include="hlp\html\hidd_remotecontrol.htm">
      <Filter>HTML Help Topics</Filter>
    </None>
    <None Include="hlp\html\about_scripts.htm">
      <Filter>HTML Help Topics</Filter>
    </None>
    <None Include="hlp\html\menu_script.htm">
      <Filter>HTML Help Topics</Filter>
    </None>
    <None Include="hlp\html\script_commands.htm">
      <Filter>HTML Help Topics</Filter>
    </None>
    <None Include="hlp\html\hidd_multi_shot_setup.htm">
      <Filter>HTML Help Topics</Filter>
    </None>
    <None Include="resource.hm">
      <Filter>Header Files</Filter>
    </None>
    <None Include="hlp\html\hidd_de_reference.htm">
      <Filter>HTML Help Topics</Filter>
    </None>
    <None Include="hlp\html\menu_tools.htm">
      <Filter>HTML Help Topics</Filter>
    </None>
    <None Include="hlp\html\hidd_ctffinddlg.htm">
      <Filter>HTML Help Topics</Filter>
    </None>
    <None Include="hlp\html\hidd_tsdosesym.htm">
      <Filter>HTML Help Topics</Filter>
    </None>
    <None Include="hlp\html\hidd_driftwaitsetup.htm">
      <Filter>HTML Help Topics</Filter>
    </None>
    <None Include="hlp\html\hidd_vpp_expose_setup.htm">
      <Filter>HTML Help Topics</Filter>
    </None>
    <None Include="hlp\html\hidd_screenshot.htm">
      <Filter>HTML Help Topics</Filter>
    </None>
    <None Include="hlp\html\hidd_hole_finder.htm">
      <Filter>HTML Help Topics</Filter>
    </None>
    <None Include="hlp\html\hidd_multi_combiner.htm">
      <Filter>HTML Help Topics</Filter>
    </None>
    <None Include="hlp\html\about_hide_disable.htm">
      <Filter>HTML Help Topics</Filter>
    </None>
    <None Include="hlp\html\hide_disable_stub.htm">
      <Filter>HTML Help Topics</Filter>
    </None>
    <None Include="hlp\html\hidd_shift_to_marker.htm">
      <Filter>HTML Help Topics</Filter>
    </None>
    <None Include="hlp\html\hidd_z_by_g_setup.htm">
      <Filter>HTML Help Topics</Filter>
    </None>
    <None Include="hlp\html\hidd_manage_dewars.htm">
      <Filter>HTML Help Topics</Filter>
    </None>
    <None Include="hlp\html\hidd_navrealign.htm">
      <Filter>HTML Help Topics</Filter>
    </None>
    <None Include="hlp\html\hidd_coma_vs_is_cal.htm">
      <Filter>HTML Help Topics</Filter>
    </None>
    <None Include="hlp\html\hidd_navfiletype.htm">
      <Filter>HTML Help Topics</Filter>
    </None>
    <None Include="hlp\html\hidd_step_and_adjust_is.htm">
      <Filter>HTML Help Topics</Filter>
    </None>
    <None Include="hlp\html\hidd_autocontour.htm">
      <Filter>HTML Help Topics</Filter>
    </None>
    <None Include="hlp\html\hidd_multi_grid.htm">
      <Filter>HTML Help Topics</Filter>
    </None>
  </ItemGroup>
  <ItemGroup>
    <ClCompile Include="AlignFocusWindow.cpp">
      <Filter>CSource Files</Filter>
    </ClCompile>
    <ClCompile Include="Utilities\AskOneDlg.cpp">
      <Filter>CSource Files</Filter>
    </ClCompile>
    <ClCompile Include="AutocenSetupDlg.cpp">
      <Filter>CSource Files</Filter>
    </ClCompile>
    <ClCompile Include="BaseDlg.cpp">
      <Filter>CSource Files</Filter>
    </ClCompile>
    <ClCompile Include="BaseSocket.cpp">
      <Filter>CSource Files</Filter>
    </ClCompile>
    <ClCompile Include="BeamAssessor.cpp">
      <Filter>CSource Files</Filter>
    </ClCompile>
    <ClCompile Include="CalibCameraTiming.cpp">
      <Filter>CSource Files</Filter>
    </ClCompile>
    <ClCompile Include="CameraController.cpp">
      <Filter>CSource Files</Filter>
    </ClCompile>
    <ClCompile Include="CameraMacroTools.cpp">
      <Filter>CSource Files</Filter>
    </ClCompile>
    <ClCompile Include="CameraSetupDlg.cpp">
      <Filter>CSource Files</Filter>
    </ClCompile>
    <ClCompile Include="ChildFrm.cpp">
      <Filter>CSource Files</Filter>
    </ClCompile>
    <ClCompile Include="ComplexTasks.cpp">
      <Filter>CSource Files</Filter>
    </ClCompile>
    <ClCompile Include="CookerSetupDlg.cpp">
      <Filter>CSource Files</Filter>
    </ClCompile>
    <ClCompile Include="Shared\CorrectDefects.cpp">
      <Filter>CSource Files</Filter>
    </ClCompile>
    <ClCompile Include="DirectElectron\DirectElectronCamera.cpp">
      <Filter>CSource Files</Filter>
    </ClCompile>
    <ClCompile Include="DirectElectron\DirectElectronToolDlg.cpp">
      <Filter>CSource Files</Filter>
    </ClCompile>
    <ClCompile Include="DistortionTasks.cpp">
      <Filter>CSource Files</Filter>
    </ClCompile>
    <ClCompile Include="DoseMeter.cpp">
      <Filter>CSource Files</Filter>
    </ClCompile>
    <ClCompile Include="DummyDlg.cpp">
      <Filter>CSource Files</Filter>
    </ClCompile>
    <ClCompile Include="EMbufferManager.cpp">
      <Filter>CSource Files</Filter>
    </ClCompile>
    <ClCompile Include="EMbufferWindow.cpp">
      <Filter>CSource Files</Filter>
    </ClCompile>
    <ClCompile Include="EMimageBuffer.cpp">
      <Filter>CSource Files</Filter>
    </ClCompile>
    <ClCompile Include="EMimageExtra.cpp">
      <Filter>CSource Files</Filter>
    </ClCompile>
    <ClCompile Include="EMmontageController.cpp">
      <Filter>CSource Files</Filter>
    </ClCompile>
    <ClCompile Include="EMscope.cpp">
      <Filter>CSource Files</Filter>
    </ClCompile>
    <ClCompile Include="EMstatusWindow.cpp">
      <Filter>CSource Files</Filter>
    </ClCompile>
    <ClCompile Include="FalconFrameDlg.cpp">
      <Filter>CSource Files</Filter>
    </ClCompile>
    <ClCompile Include="FalconHelper.cpp">
      <Filter>CSource Files</Filter>
    </ClCompile>
    <ClCompile Include="FilePropDlg.cpp">
      <Filter>CSource Files</Filter>
    </ClCompile>
    <ClCompile Include="FilterControlDlg.cpp">
      <Filter>CSource Files</Filter>
    </ClCompile>
    <ClCompile Include="FilterTasks.cpp">
      <Filter>CSource Files</Filter>
    </ClCompile>
    <ClCompile Include="FocusManager.cpp">
      <Filter>CSource Files</Filter>
    </ClCompile>
    <ClCompile Include="GainRefDlg.cpp">
      <Filter>CSource Files</Filter>
    </ClCompile>
    <ClCompile Include="GainRefMaker.cpp">
      <Filter>CSource Files</Filter>
    </ClCompile>
    <ClCompile Include="GatanSocket.cpp">
      <Filter>CSource Files</Filter>
    </ClCompile>
    <ClCompile Include="ImageLevelDlg.cpp">
      <Filter>CSource Files</Filter>
    </ClCompile>
    <ClCompile Include="K2SaveOptionDlg.cpp">
      <Filter>CSource Files</Filter>
    </ClCompile>
    <ClCompile Include="Utilities\KGetOne.cpp">
      <Filter>CSource Files</Filter>
    </ClCompile>
    <ClCompile Include="Image\KImage.cpp">
      <Filter>CSource Files</Filter>
    </ClCompile>
    <ClCompile Include="Image\KImageBase.cpp">
      <Filter>CSource Files</Filter>
    </ClCompile>
    <ClCompile Include="Image\KImageScale.cpp">
      <Filter>CSource Files</Filter>
    </ClCompile>
    <ClCompile Include="Image\KImageStore.cpp">
      <Filter>CSource Files</Filter>
    </ClCompile>
    <ClCompile Include="Image\KPixMap.cpp">
      <Filter>CSource Files</Filter>
    </ClCompile>
    <ClCompile Include="Image\KStoreADOC.cpp">
      <Filter>CSource Files</Filter>
    </ClCompile>
    <ClCompile Include="Image\KStoreIMOD.cpp">
      <Filter>CSource Files</Filter>
    </ClCompile>
    <ClCompile Include="Image\KStoreMRC.cpp">
      <Filter>CSource Files</Filter>
    </ClCompile>
    <ClCompile Include="LogWindow.cpp">
      <Filter>CSource Files</Filter>
    </ClCompile>
    <ClCompile Include="LowDoseDlg.cpp">
      <Filter>CSource Files</Filter>
    </ClCompile>
    <ClCompile Include="MacroControlDlg.cpp">
      <Filter>CSource Files</Filter>
    </ClCompile>
    <ClCompile Include="MacroEditer.cpp">
      <Filter>CSource Files</Filter>
    </ClCompile>
    <ClCompile Include="MacroProcessor.cpp">
      <Filter>CSource Files</Filter>
    </ClCompile>
    <ClCompile Include="MacroToolbar.cpp">
      <Filter>CSource Files</Filter>
    </ClCompile>
    <ClCompile Include="Mailer.cpp">
      <Filter>CSource Files</Filter>
    </ClCompile>
    <ClCompile Include="MainFrm.cpp">
      <Filter>CSource Files</Filter>
    </ClCompile>
    <ClCompile Include="MapDrawItem.cpp">
      <Filter>CSource Files</Filter>
    </ClCompile>
    <ClCompile Include="MenuTargets.cpp">
      <Filter>CSource Files</Filter>
    </ClCompile>
    <ClCompile Include="MontageSetupDlg.cpp">
      <Filter>CSource Files</Filter>
    </ClCompile>
    <ClCompile Include="MontageWindow.cpp">
      <Filter>CSource Files</Filter>
    </ClCompile>
    <ClCompile Include="MultiTSTasks.cpp">
      <Filter>CSource Files</Filter>
    </ClCompile>
    <ClCompile Include="NavAcquireDlg.cpp">
      <Filter>CSource Files</Filter>
    </ClCompile>
    <ClCompile Include="NavBacklashDlg.cpp">
      <Filter>CSource Files</Filter>
    </ClCompile>
    <ClCompile Include="NavFileTypeDlg.cpp">
      <Filter>CSource Files</Filter>
    </ClCompile>
    <ClCompile Include="NavHelper.cpp">
      <Filter>CSource Files</Filter>
    </ClCompile>
    <ClCompile Include="NavigatorDlg.cpp">
      <Filter>CSource Files</Filter>
    </ClCompile>
    <ClCompile Include="NavImportDlg.cpp">
      <Filter>CSource Files</Filter>
    </ClCompile>
    <ClCompile Include="NavRotAlignDlg.cpp">
      <Filter>CSource Files</Filter>
    </ClCompile>
    <ClCompile Include="ParameterIO.cpp">
      <Filter>CSource Files</Filter>
    </ClCompile>
    <ClCompile Include="PiezoAndPPControl.cpp">
      <Filter>CSource Files</Filter>
    </ClCompile>
    <ClCompile Include="PluginManager.cpp">
      <Filter>CSource Files</Filter>
    </ClCompile>
    <ClCompile Include="ProcessImage.cpp">
      <Filter>CSource Files</Filter>
    </ClCompile>
    <ClCompile Include="ReadFileDlg.cpp">
      <Filter>CSource Files</Filter>
    </ClCompile>
    <ClCompile Include="RefPolicyDlg.cpp">
      <Filter>CSource Files</Filter>
    </ClCompile>
    <ClCompile Include="ScopeStatusDlg.cpp">
      <Filter>CSource Files</Filter>
    </ClCompile>
    <ClCompile Include="ScreenMeter.cpp">
      <Filter>CSource Files</Filter>
    </ClCompile>
    <ClCompile Include="Utilities\SEMUtilities.cpp">
      <Filter>CSource Files</Filter>
    </ClCompile>
    <ClCompile Include="SerialEM.cpp">
      <Filter>CSource Files</Filter>
    </ClCompile>
    <ClCompile Include="SerialEMDoc.cpp">
      <Filter>CSource Files</Filter>
    </ClCompile>
    <ClCompile Include="SerialEMView.cpp">
      <Filter>CSource Files</Filter>
    </ClCompile>
    <ClCompile Include="setdpi.cpp">
      <Filter>CSource Files</Filter>
    </ClCompile>
    <ClCompile Include="ShiftCalibrator.cpp">
      <Filter>CSource Files</Filter>
    </ClCompile>
    <ClCompile Include="ShiftManager.cpp">
      <Filter>CSource Files</Filter>
    </ClCompile>
    <ClCompile Include="Utilities\SMOOTHER.CPP">
      <Filter>CSource Files</Filter>
    </ClCompile>
    <ClCompile Include="StageMoveTool.cpp">
      <Filter>CSource Files</Filter>
    </ClCompile>
    <ClCompile Include="StateDlg.cpp">
      <Filter>CSource Files</Filter>
    </ClCompile>
    <ClCompile Include="StdAfx.cpp">
      <Filter>CSource Files</Filter>
    </ClCompile>
    <ClCompile Include="STEMcontrolDlg.cpp">
      <Filter>CSource Files</Filter>
    </ClCompile>
    <ClCompile Include="Utilities\STEMfocus.cpp">
      <Filter>CSource Files</Filter>
    </ClCompile>
    <ClCompile Include="TiltWindow.cpp">
      <Filter>CSource Files</Filter>
    </ClCompile>
    <ClCompile Include="ToolDlg.cpp">
      <Filter>CSource Files</Filter>
    </ClCompile>
    <ClCompile Include="TSBackupDlg.cpp">
      <Filter>CSource Files</Filter>
    </ClCompile>
    <ClCompile Include="TSController.cpp">
      <Filter>CSource Files</Filter>
    </ClCompile>
    <ClCompile Include="TSExtraFile.cpp">
      <Filter>CSource Files</Filter>
    </ClCompile>
    <ClCompile Include="TSPolicyDlg.cpp">
      <Filter>CSource Files</Filter>
    </ClCompile>
    <ClCompile Include="TSRangeDlg.cpp">
      <Filter>CSource Files</Filter>
    </ClCompile>
    <ClCompile Include="TSResumeDlg.cpp">
      <Filter>CSource Files</Filter>
    </ClCompile>
    <ClCompile Include="TSSetupDialog.cpp">
      <Filter>CSource Files</Filter>
    </ClCompile>
    <ClCompile Include="TSVariationsDlg.cpp">
      <Filter>CSource Files</Filter>
    </ClCompile>
    <ClCompile Include="TSViewRange.cpp">
      <Filter>CSource Files</Filter>
    </ClCompile>
    <ClCompile Include="Utilities\XCorr.cpp">
      <Filter>CSource Files</Filter>
    </ClCompile>
    <ClCompile Include="XFolderDialog\XFileOpenListView.cpp">
      <Filter>CSource Files</Filter>
    </ClCompile>
    <ClCompile Include="XFolderDialog\XFolderDialog.cpp">
      <Filter>CSource Files</Filter>
    </ClCompile>
    <ClCompile Include="XFolderDialog\XHistoryCombo.cpp">
      <Filter>CSource Files</Filter>
    </ClCompile>
    <ClCompile Include="XFolderDialog\XWinVer.cpp">
      <Filter>CSource Files</Filter>
    </ClCompile>
    <ClCompile Include="AutoTuning.cpp">
      <Filter>CSource Files</Filter>
    </ClCompile>
    <ClCompile Include="FrameAlignDlg.cpp">
      <Filter>CSource Files</Filter>
    </ClCompile>
    <ClCompile Include="RemoteControl.cpp">
      <Filter>CSource Files</Filter>
    </ClCompile>
    <ClCompile Include="ThreeChoiceBox.cpp">
      <Filter>CSource Files</Filter>
    </ClCompile>
    <ClCompile Include="Shared\framealign.cpp">
      <Filter>CSource Files</Filter>
    </ClCompile>
    <ClCompile Include="Shared\frameutil.cpp">
      <Filter>CSource Files</Filter>
    </ClCompile>
    <ClCompile Include="ParticleTasks.cpp">
      <Filter>CSource Files</Filter>
    </ClCompile>
    <ClCompile Include="MultiShotDlg.cpp">
      <Filter>CSource Files</Filter>
    </ClCompile>
    <ClCompile Include="DERefMakerDlg.cpp">
      <Filter>CSource Files</Filter>
    </ClCompile>
    <ClCompile Include="OneLineScript.cpp">
      <Filter>CSource Files</Filter>
    </ClCompile>
    <ClCompile Include="ExternalTools.cpp">
      <Filter>CSource Files</Filter>
    </ClCompile>
    <ClCompile Include="CtffindParamDlg.cpp">
      <Filter>CSource Files</Filter>
    </ClCompile>
    <ClCompile Include="TSDoseSymDlg.cpp">
      <Filter>CSource Files</Filter>
    </ClCompile>
    <ClCompile Include="DriftWaitSetupDlg.cpp">
      <Filter>CSource Files</Filter>
    </ClCompile>
    <ClCompile Include="ScreenShotDialog.cpp">
      <Filter>CSource Files</Filter>
    </ClCompile>
    <ClCompile Include="VPPConditionSetup.cpp">
      <Filter>CSource Files</Filter>
    </ClCompile>
    <ClCompile Include="Shared\holefinder.cpp">
      <Filter>CSource Files</Filter>
    </ClCompile>
    <ClCompile Include="HoleFinderDlg.cpp">
      <Filter>CSource Files</Filter>
    </ClCompile>
    <ClCompile Include="MultiHoleCombiner.cpp">
      <Filter>CSource Files</Filter>
    </ClCompile>
    <ClCompile Include="MultiCombinerDlg.cpp">
      <Filter>CSource Files</Filter>
    </ClCompile>
    <ClCompile Include="MacroCommands.cpp">
      <Filter>CSource Files</Filter>
    </ClCompile>
    <ClCompile Include="MacroSelector.cpp">
      <Filter>CSource Files</Filter>
    </ClCompile>
    <ClCompile Include="MyButton.cpp">
      <Filter>CSource Files</Filter>
    </ClCompile>
    <ClCompile Include="BaseServer.cpp">
      <Filter>CSource Files</Filter>
    </ClCompile>
    <ClCompile Include="PythonServer.cpp">
      <Filter>CSource Files</Filter>
    </ClCompile>
    <ClCompile Include="ShiftToMarkerDlg.cpp">
      <Filter>CSource Files</Filter>
    </ClCompile>
    <ClCompile Include="ZbyGSetupDlg.cpp">
      <Filter>CSource Files</Filter>
    </ClCompile>
    <ClCompile Include="RadioChoiceDlg.cpp">
      <Filter>CSource Files</Filter>
    </ClCompile>
    <ClCompile Include="NavRealignDlg.cpp">
      <Filter>CSource Files</Filter>
    </ClCompile>
    <ClCompile Include="ManageDewarsDlg.cpp">
      <Filter>CSource Files</Filter>
    </ClCompile>
    <ClCompile Include="NavAcqHoleFinder.cpp">
      <Filter>CSource Files</Filter>
    </ClCompile>
    <ClCompile Include="ComaVsISCalDlg.cpp">
      <Filter>CSource Files</Filter>
    </ClCompile>
    <ClCompile Include="AutoContouringDlg.cpp">
      <Filter>CSource Files</Filter>
    </ClCompile>
    <ClCompile Include="StepAdjustISDlg.cpp">
      <Filter>CSource Files</Filter>
    </ClCompile>
    <ClCompile Include="CEOSFilter.cpp">
      <Filter>CSource Files</Filter>
    </ClCompile>
    <ClCompile Include="Utilities\json.cpp">
      <Filter>CSource Files</Filter>
    </ClCompile>
    <ClCompile Include="MultiGridDlg.cpp">
      <Filter>CSource Files</Filter>
    </ClCompile>
    <ClCompile Include="MultiGridTasks.cpp">
      <Filter>CSource Files</Filter>
    </ClCompile>
  </ItemGroup>
  <ItemGroup>
    <ResourceCompile Include="SerialEM.rc">
      <Filter>CSource Files</Filter>
    </ResourceCompile>
  </ItemGroup>
  <ItemGroup>
    <CustomBuild Include="Resource.h">
      <Filter>Header Files</Filter>
    </CustomBuild>
    <CustomBuild Include="hlp\SerialEM.hhp">
      <Filter>HTML Help Files</Filter>
    </CustomBuild>
  </ItemGroup>
</Project>